
Microsoft Visual Studio Solution File, Format Version 12.00
# Visual Studio Version 17
VisualStudioVersion = 17.10.35013.160
MinimumVisualStudioVersion = 10.0.40219.1
Project("{FAE04EC0-301F-11D3-BF4B-00C04F79EFBC}") = "NedoPaint", "NedoPaint\NedoPaint.csproj", "{01530309-3DD9-4EA6-ADB1-4F184F9A0807}"
EndProject
Global
	GlobalSection(SolutionConfigurationPlatforms) = preSolution
		Debug|Any CPU = Debug|Any CPU
		Release|Any CPU = Release|Any CPU
	EndGlobalSection
	GlobalSection(ProjectConfigurationPlatforms) = postSolution
		{01530309-3DD9-4EA6-ADB1-4F184F9A0807}.Debug|Any CPU.ActiveCfg = Debug|Any CPU
		{01530309-3DD9-4EA6-ADB1-4F184F9A0807}.Debug|Any CPU.Build.0 = Debug|Any CPU
		{01530309-3DD9-4EA6-ADB1-4F184F9A0807}.Release|Any CPU.ActiveCfg = Release|Any CPU
		{01530309-3DD9-4EA6-ADB1-4F184F9A0807}.Release|Any CPU.Build.0 = Release|Any CPU
	EndGlobalSection
	GlobalSection(SolutionProperties) = preSolution
		HideSolutionNode = FALSE
	EndGlobalSection
	GlobalSection(ExtensibilityGlobals) = postSolution
		SolutionGuid = {1B793700-4F11-4E4E-894D-7307DDEB1EF6}
	EndGlobalSection
EndGlobal
